
Microsoft Visual Studio Solution File, Format Version 12.00
# Visual Studio Version 17
VisualStudioVersion = 17.13.35931.197 d17.13
MinimumVisualStudioVersion = 10.0.40219.1
Project("{FAE04EC0-301F-11D3-BF4B-00C04F79EFBC}") = "Formulas", "Formulas\Formulas.csproj", "{E2103ABD-EA60-4B0D-BB6F-8C571A7E2450}"
EndProject
Global
	GlobalSection(SolutionConfigurationPlatforms) = preSolution
		Debug|Any CPU = Debug|Any CPU
		Release|Any CPU = Release|Any CPU
	EndGlobalSection
	GlobalSection(ProjectConfigurationPlatforms) = postSolution
		{E2103ABD-EA60-4B0D-BB6F-8C571A7E2450}.Debug|Any CPU.ActiveCfg = Debug|Any CPU
		{E2103ABD-EA60-4B0D-BB6F-8C571A7E2450}.Debug|Any CPU.Build.0 = Debug|Any CPU
		{E2103ABD-EA60-4B0D-BB6F-8C571A7E2450}.Release|Any CPU.ActiveCfg = Release|Any CPU
		{E2103ABD-EA60-4B0D-BB6F-8C571A7E2450}.Release|Any CPU.Build.0 = Release|Any CPU
	EndGlobalSection
	GlobalSection(SolutionProperties) = preSolution
		HideSolutionNode = FALSE
	EndGlobalSection
	GlobalSection(ExtensibilityGlobals) = postSolution
		SolutionGuid = {888EA5AD-841E-4147-AAAF-88EAF6524AD3}
	EndGlobalSection
EndGlobal
